github.com/davecgh/go-spew v1.1.0 h1:ZDRjVQ15GmhC3fiQ8ni8+OwkZQO4DARzQgrnXU1Liz8=
github.com/davecgh/go-spew v1.1.0/go.mod h1:J7Y8YcW2NihsgmVo/mv3lAwl/skON4iLHjSsI+c5H38=
github.com/didip/tollbooth/v6 v6.0.1/go.mod h1:j2pKs+JQ5PvU/K4jFnrnwntrmfUbYLJE5oSdxR37FD0=
github.com/didip/tollbooth/v6 v6.1.1 h1:Nt7PvWLa9Y94OrykXsFNBinVRQIu8xdy4avpl99Dc1M=
github.com/didip/tollbooth/v6 v6.1.1/go.mod h1:xjcse6CTHCLuOkzsWrEgdy9WPJFv+p/x6v+MyfP+O9s=
github.com/didip/tollbooth_chi v0.0.0-20200828173446-a7173453ea21 h1:x7YpwKSBIBcKe9I3aTNOqgSyJ6QKDdtOxnEkxBTsi9w=
github.com/didip/tollbooth_chi v0.0.0-20200828173446-a7173453ea21/go.mod h1:0ZVa6kSzS011nfTC1rELyxK4tjVf6vqBnOv7oY2KlsA=
github.com/go-chi/chi/v5 v5.0.3 h1:khYQBdPivkYG1s1TAzDQG1f6eX4kD2TItYVZexL5rS4=
github.com/go-chi/chi/v5 v5.0.3/go.mod h1:DslCQbL2OYiznFReuXYUmQ2hGd1aDpCnlMNITLSKoi8=
github.com/go-pkgz/expirable-cache v0.0.3 h1:rTh6qNPp78z0bQE6HDhXBHUwqnV9i09Vm6dksJLXQDc=
github.com/go-pkgz/expirable-cache v0.0.3/go.mod h1:+IauqN00R2FqNRLCLA+X5YljQJrwB179PfiAoMPlTlQ=
github.com/go-pkgz/lgr v0.10.4 h1:l7qyFjqEZgwRgaQQSEp6tve4A3OU80VrfzpvtEX8ngw=
github.com/go-pkgz/lgr v0.10.4/go.mod h1:CD0s1z6EFpIUplV067gitF77tn25JItzwHNKAPqeCF0=
github.com/go-pkgz/rest v1.11.0 h1:Z//qgmM0NhBYfhXYEP/aJtDVLK5XlJGxqcb4sHFNN0E=
github.com/go-pkgz/rest v1.11.0/go.mod h1:wZ/dGipZUaF9to0vIQl7PwDHgWQDB0jsrFg1xnAKLDw=
github.com/hashicorp/errwrap v1.0.0 h1:hLrqtEDnRye3+sgx6z4qVLNuviH3MR5aQ0ykNJa/UYA=
github.com/hashicorp/errwrap v1.0.0/go.mod h1:YH+1FKiLXxHSkmPseP+kNlulaMuP3n2brvKWEqk/Jc4=
github.com/hashicorp/go-multierror v1.1.1 h1:H5DkEtf6CXdFp0N0Em5UCwQpXMWke8IA0+lD48awMYo=
github.com/hashicorp/go-multierror v1.1.1/go.mod h1:iw975J/qwKPdAO1clOe2L8331t/9/fmwbPZ6JB6eMoM=
github.com/kr/pretty v0.1.0 h1:L/CwN0zerZDmRFUapSPitk6f+Q3+0za1rQkzVuMiMFI=
github.com/kr/pretty v0.1.0/go.mod h1:dAy3ld7l9f0ibDNOQOHHMYYIIbhfbHSm3C4ZsoJORNo=
github.com/kr/pty v1.1.1/go.mod h1:pFQYn66WHrOpPYNljwOMqo10TkYh1fy3cYio2l3bCsQ=
github.com/kr/text v0.1.0 h1:45sCR5RtlFHMR4UwH9sdQ5TC8v0qDQCHnXt+kaKSTVE=
github.com/kr/text v0.1.0/go.mod h1:4Jbv+DJW3UT/LiOwJeYQe1efqtUx/iVham/4vfdArNI=
github.com/pkg/errors v0.9.1 h1:FEBLx1zS214owpjy7qsBeixbURkuhQAwrK5UwLGTwt4=
github.com/pkg/errors v0.9.1/go.mod h1:bwawxfHBFNV+L2hUp1rHADufV3IMtnDRdf1r5NINEl0=
github.com/pmezard/go-difflib v1.0.0 h1:4DBwDE0NGyQoBHbLQYPwSUPoCMWR5BEzIk/f1lZbAQM=
github.com/pmezard/go-difflib v1.0.0/go.mod h1:iKH77koFhYxTK1pcRnkKkqfTogsbg7gZNVY4sRDYZ/4=
github.com/stretchr/objx v0.1.0/go.mod h1:HFkY916IF+rwdDfMAkV7OtwuqBVzrE8GR6GFx+wExME=
github.com/stretchr/testify v1.5.1/go.mod h1:5W2xD1RspED5o8YsWQXVCued0rvSQ+mT+I5cxcmMvtA=
github.com/stretchr/testify v1.6.1/go.mod h1:6Fq8oRcR53rry900zMqJjRRixrwX3KX962/h/Wwjteg=
github.com/stretchr/testify v1.7.0 h1:nwc3DEeHmmLAfoZucVR881uASk0Mfjw8xYJ99tb5CcY=
github.com/stretchr/testify v1.7.0/go.mod h1:6Fq8oRcR53rry900zMqJjRRixrwX3KX962/h/Wwjteg=
github.com/umputun/go-flags v1.5.1 h1:vRauoXV3Ultt1HrxivSxowbintgZLJE+EcBy5ta3/mY=
github.com/umputun/go-flags v1.5.1/go.mod h1:nTbvsO/hKqe7Utri/NoyN18GR3+EWf+9RrmsdwdhrEc=
golang.org/x/time v0.0.0-20200416051211-89c76fbcd5d1 h1:NusfzzA6yGQ+ua51ck7E3omNUX/JuqbFSaRGqU8CcLI=
golang.org/x/time v0.0.0-20200416051211-89c76fbcd5d1/go.mod h1:tRJNPiyCQ0inRvYxbN9jk5I+vvW/OXSQhTDSoE431IQ=
gopkg.in/check.v1 v0.0.0-20161208181325-20d25e280405/go.mod h1:Co6ibVJAznAaIkqp8huTwlJQCZ016jof/cbN4VW5Yz0=
gopkg.in/check.v1 v1.0.0-20180628173108-788fd7840127 h1:qIbj1fsPNlZgppZ+VLlY7N33q108Sa+fhmuc+sWQYwY=
gopkg.in/check.v1 v1.0.0-20180628173108-788fd7840127/go.mod h1:Co6ibVJAznAaIkqp8huTwlJQCZ016jof/cbN4VW5Yz0=
gopkg.in/yaml.v2 v2.2.2/go.mod h1:hI93XBmqTisBFMUTm0b8Fm+jr3Dg1NNxqwp+5A1VGuI=
gopkg.in/yaml.v2 v2.4.0 h1:D8xgwECY7CYvx+Y2n4sBz93Jn9JRvxdiyyo8CTfuKaY=
gopkg.in/yaml.v2 v2.4.0/go.mod h1:RDklbk79AGWmwhnvt/jBztapEOGDOx6ZbXqjP6csGnQ=
gopkg.in/yaml.v3 v3.0.0-20200313102051-9f266ea9e77c h1:dUUwHk2QECo/6vqA44rthZ8ie2QXMNeKRTHCNY2nXvo=
gopkg.in/yaml.v3 v3.0.0-20200313102051-9f266ea9e77c/go.mod h1:K4uyk7z7BCEPqu6E+C64Yfv1cQ7kz7rIZviUmN+EgEM=
